
Microsoft Visual Studio Solution File, Format Version 12.00
# Visual Studio Version 17
VisualStudioVersion = 17.1.32228.430
MinimumVisualStudioVersion = 10.0.40219.1
Project("{FAE04EC0-301F-11D3-BF4B-00C04F79EFBC}") = "biometria-2", "biometria-2\biometria-2.csproj", "{0E556CA4-889C-4B44-9AF2-F30DFCE8B878}"
EndProject
Global
	GlobalSection(SolutionConfigurationPlatforms) = preSolution
		Debug|Any CPU = Debug|Any CPU
		Release|Any CPU = Release|Any CPU
	EndGlobalSection
	GlobalSection(ProjectConfigurationPlatforms) = postSolution
		{0E556CA4-889C-4B44-9AF2-F30DFCE8B878}.Debug|Any CPU.ActiveCfg = Debug|Any CPU
		{0E556CA4-889C-4B44-9AF2-F30DFCE8B878}.Debug|Any CPU.Build.0 = Debug|Any CPU
		{0E556CA4-889C-4B44-9AF2-F30DFCE8B878}.Release|Any CPU.ActiveCfg = Release|Any CPU
		{0E556CA4-889C-4B44-9AF2-F30DFCE8B878}.Release|Any CPU.Build.0 = Release|Any CPU
	EndGlobalSection
	GlobalSection(SolutionProperties) = preSolution
		HideSolutionNode = FALSE
	EndGlobalSection
	GlobalSection(ExtensibilityGlobals) = postSolution
		SolutionGuid = {F1250451-9059-4506-96CE-DCFFEA04EEE2}
	EndGlobalSection
EndGlobal
